
Microsoft Visual Studio Solution File, Format Version 12.00
# Visual Studio Version 17
VisualStudioVersion = 17.11.35312.102
MinimumVisualStudioVersion = 10.0.40219.1
Project("{FAE04EC0-301F-11D3-BF4B-00C04F79EFBC}") = "BasicCalculator", "BasicCalculator\BasicCalculator.csproj", "{77712A5C-014A-4865-A380-8A3323A680BE}"
EndProject
Global
	GlobalSection(SolutionConfigurationPlatforms) = preSolution
		Debug|Any CPU = Debug|Any CPU
		Release|Any CPU = Release|Any CPU
	EndGlobalSection
	GlobalSection(ProjectConfigurationPlatforms) = postSolution
		{77712A5C-014A-4865-A380-8A3323A680BE}.Debug|Any CPU.ActiveCfg = Debug|Any CPU
		{77712A5C-014A-4865-A380-8A3323A680BE}.Debug|Any CPU.Build.0 = Debug|Any CPU
		{77712A5C-014A-4865-A380-8A3323A680BE}.Release|Any CPU.ActiveCfg = Release|Any CPU
		{77712A5C-014A-4865-A380-8A3323A680BE}.Release|Any CPU.Build.0 = Release|Any CPU
	EndGlobalSection
	GlobalSection(SolutionProperties) = preSolution
		HideSolutionNode = FALSE
	EndGlobalSection
	GlobalSection(ExtensibilityGlobals) = postSolution
		SolutionGuid = {4021E1F7-CC18-4388-9779-FC640FD123B7}
	EndGlobalSection
EndGlobal
